{
  "name": "code-server",
  "version": "0.1.0-lite.1",
  "lockfileVersion": 3,
  "requires": true,
  "packages": {
    "": {
      "name": "code-server",
      "version": "0.1.0-lite.1",
      "license": "MIT",
      "bin": {
        "code-server": "lite/server.mjs"
      },
      "engines": {
        "node": "24"
      }
    }
  }
}
